
Microsoft Visual Studio Solution File, Format Version 12.00
# Visual Studio 15
Project("{FAE04EC0-301F-11D3-BF4B-00C04F79EFBC}") = "Assembly-CSharp", "Assembly-CSharp.csproj", "{F8358470-7C91-19FB-4BA3-6277F1F960D8}"
EndProject
Project("{FAE04EC0-301F-11D3-BF4B-00C04F79EFBC}") = "Assembly-CSharp-Editor", "Assembly-CSharp-Editor.csproj", "{C05B63FB-AAE4-EAD6-DC6E-ADD574ADAF76}"
EndProject
Global
	GlobalSection(SolutionConfigurationPlatforms) = preSolution
		Debug|Any CPU = Debug|Any CPU
		Release|Any CPU = Release|Any CPU
	EndGlobalSection
	GlobalSection(ProjectConfigurationPlatforms) = postSolution
		{F8358470-7C91-19FB-4BA3-6277F1F960D8}.Debug|Any CPU.ActiveCfg = Debug|Any CPU
		{F8358470-7C91-19FB-4BA3-6277F1F960D8}.Debug|Any CPU.Build.0 = Debug|Any CPU
		{F8358470-7C91-19FB-4BA3-6277F1F960D8}.Release|Any CPU.ActiveCfg = Release|Any CPU
		{F8358470-7C91-19FB-4BA3-6277F1F960D8}.Release|Any CPU.Build.0 = Release|Any CPU
		{C05B63FB-AAE4-EAD6-DC6E-ADD574ADAF76}.Debug|Any CPU.ActiveCfg = Debug|Any CPU
		{C05B63FB-AAE4-EAD6-DC6E-ADD574ADAF76}.Debug|Any CPU.Build.0 = Debug|Any CPU
		{C05B63FB-AAE4-EAD6-DC6E-ADD574ADAF76}.Release|Any CPU.ActiveCfg = Release|Any CPU
		{C05B63FB-AAE4-EAD6-DC6E-ADD574ADAF76}.Release|Any CPU.Build.0 = Release|Any CPU
	EndGlobalSection
	GlobalSection(SolutionProperties) = preSolution
		HideSolutionNode = FALSE
	EndGlobalSection
EndGlobal
